
Microsoft Visual Studio Solution File, Format Version 12.00
# Visual Studio 15
VisualStudioVersion = 15.0.28307.421
MinimumVisualStudioVersion = 10.0.40219.1
Project("{FAE04EC0-301F-11D3-BF4B-00C04F79EFBC}") = "Postfix notation", "Posfix notation\Postfix notation.csproj", "{ECF9E027-8269-4D2B-B07C-88070F3088D3}"
EndProject
Global
	GlobalSection(SolutionConfigurationPlatforms) = preSolution
		Debug|Any CPU = Debug|Any CPU
		Release|Any CPU = Release|Any CPU
	EndGlobalSection
	GlobalSection(ProjectConfigurationPlatforms) = postSolution
		{ECF9E027-8269-4D2B-B07C-88070F3088D3}.Debug|Any CPU.ActiveCfg = Debug|Any CPU
		{ECF9E027-8269-4D2B-B07C-88070F3088D3}.Debug|Any CPU.Build.0 = Debug|Any CPU
		{ECF9E027-8269-4D2B-B07C-88070F3088D3}.Release|Any CPU.ActiveCfg = Release|Any CPU
		{ECF9E027-8269-4D2B-B07C-88070F3088D3}.Release|Any CPU.Build.0 = Release|Any CPU
	EndGlobalSection
	GlobalSection(SolutionProperties) = preSolution
		HideSolutionNode = FALSE
	EndGlobalSection
	GlobalSection(ExtensibilityGlobals) = postSolution
		SolutionGuid = {DD6CA7FA-64DF-454C-99C6-64434F84B1C5}
	EndGlobalSection
EndGlobal
